PODS:
  - Realm (10.16.0):
    - Realm/Headers (= 10.16.0)
  - Realm/Headers (10.16.0)
  - RealmSwift (10.16.0):
    - Realm (= 10.16.0)
  - SwiftLint (0.48.0)

DEPENDENCIES:
  - RealmSwift
  - SwiftLint

SPEC REPOS:
  trunk:
    - Realm
    - RealmSwift
    - SwiftLint

SPEC CHECKSUMS:
  Realm: b6027801398f3743fc222f096faa85281b506e6c
  RealmSwift: b02a3d0e4947955da960b642c98ad3a461fc4e70
  SwiftLint: 284cea64b6187c5d6bd83e9a548a64104d546447

PODFILE CHECKSUM: b92dcbc669a4759a595947a4a4bc374ea08b7641

COCOAPODS: 1.11.3
